
Microsoft Visual Studio Solution File, Format Version 12.00
# Visual Studio Version 16
VisualStudioVersion = 16.0.28803.352
MinimumVisualStudioVersion = 10.0.40219.1
Project("{FAE04EC0-301F-11D3-BF4B-00C04F79EFBC}") = "MVC", "MVC\MVC.csproj", "{923ADEB6-B90D-4057-B991-94FA08371F01}"
EndProject
Global
	GlobalSection(SolutionConfigurationPlatforms) = preSolution
		Debug|Any CPU = Debug|Any CPU
		Release|Any CPU = Release|Any CPU
	EndGlobalSection
	GlobalSection(ProjectConfigurationPlatforms) = postSolution
		{923ADEB6-B90D-4057-B991-94FA08371F01}.Debug|Any CPU.ActiveCfg = Debug|Any CPU
		{923ADEB6-B90D-4057-B991-94FA08371F01}.Debug|Any CPU.Build.0 = Debug|Any CPU
		{923ADEB6-B90D-4057-B991-94FA08371F01}.Release|Any CPU.ActiveCfg = Release|Any CPU
		{923ADEB6-B90D-4057-B991-94FA08371F01}.Release|Any CPU.Build.0 = Release|Any CPU
	EndGlobalSection
	GlobalSection(SolutionProperties) = preSolution
		HideSolutionNode = FALSE
	EndGlobalSection
	GlobalSection(ExtensibilityGlobals) = postSolution
		SolutionGuid = {695503F7-11E1-46EC-B95B-16732A84BFB0}
	EndGlobalSection
EndGlobal
